
Microsoft Visual Studio Solution File, Format Version 12.00
# Visual Studio 15
VisualStudioVersion = 15.0.28307.168
MinimumVisualStudioVersion = 10.0.40219.1
Project("{888888A0-9F3D-457C-B088-3A5042F75D52}") = "Gewicht", "Gewicht\Gewicht.pyproj", "{73FC3D71-05B3-42D1-9D44-AADF9ACE68C1}"
EndProject
Global
	GlobalSection(SolutionConfigurationPlatforms) = preSolution
		Debug|Any CPU = Debug|Any CPU
		Release|Any CPU = Release|Any CPU
	EndGlobalSection
	GlobalSection(ProjectConfigurationPlatforms) = postSolution
		{73FC3D71-05B3-42D1-9D44-AADF9ACE68C1}.Debug|Any CPU.ActiveCfg = Debug|Any CPU
		{73FC3D71-05B3-42D1-9D44-AADF9ACE68C1}.Release|Any CPU.ActiveCfg = Release|Any CPU
	EndGlobalSection
	GlobalSection(SolutionProperties) = preSolution
		HideSolutionNode = FALSE
	EndGlobalSection
	GlobalSection(ExtensibilityGlobals) = postSolution
		SolutionGuid = {01C1FA55-9E05-457A-8220-407E92287952}
	EndGlobalSection
EndGlobal
